// !$*UTF8*$!
{
	archiveVersion = 1;
	classes = {
	};
	objectVersion = 46;
	objects = {

/* Begin PBXBuildFile section */
		555900C7162A89180030A5BA /* sample.jpg in Resources */ = {isa = PBXBuildFile; fileRef = 555900C6162A89180030A5BA /* sample.jpg */; };
		555900CA162AA4AE0030A5BA /* Social.framework in Frameworks */ = {isa = PBXBuildFile; fileRef = 555900C9162AA4AE0030A5BA /* Social.framework */; };
		555900CC162AECB00030A5BA /* Accounts.framework in Frameworks */ = {isa = PBXBuildFile; fileRef = 555900CB162AECB00030A5BA /* Accounts.framework */; };
		55A5B469162A841900E3B946 /* UIKit.framework in Frameworks */ = {isa = PBXBuildFile; fileRef = 55A5B468162A841900E3B946 /* UIKit.framework */; };
		55A5B46B162A841900E3B946 /* Foundation.framework in Frameworks */ = {isa = PBXBuildFile; fileRef = 55A5B46A162A841900E3B946 /* Foundation.framework */; };
		55A5B46D162A841900E3B946 /* CoreGraphics.framework in Frameworks */ = {isa = PBXBuildFile; fileRef = 55A5B46C162A841900E3B946 /* CoreGraphics.framework */; };
		55A5B473162A841900E3B946 /* InfoPlist.strings in Resources */ = {isa = PBXBuildFile; fileRef = 55A5B471162A841900E3B946 /* InfoPlist.strings */; };
		55A5B475162A841900E3B946 /* main.m in Sources */ = {isa = PBXBuildFile; fileRef = 55A5B474162A841900E3B946 /* main.m */; };
		55A5B479162A841900E3B946 /* AppDelegate.m in Sources */ = {isa = PBXBuildFile; fileRef = 55A5B478162A841900E3B946 /* AppDelegate.m */; };
		55A5B47B162A841900E3B946 /* Default.png in Resources */ = {isa = PBXBuildFile; fileRef = 55A5B47A162A841900E3B946 /* Default.png */; };
		55A5B47D162A841900E3B946 /* Default@2x.png in Resources */ = {isa = PBXBuildFile; fileRef = 55A5B47C162A841900E3B946 /* Default@2x.png */; };
		55A5B47F162A841900E3B946 /* Default-568h@2x.png in Resources */ = {isa = PBXBuildFile; fileRef = 55A5B47E162A841900E3B946 /* Default-568h@2x.png */; };
		55A5B482162A841900E3B946 /* ViewController.m in Sources */ = {isa = PBXBuildFile; fileRef = 55A5B481162A841900E3B946 /* ViewController.m */; };
		55A5B485162A841900E3B946 /* ViewController.xib in Resources */ = {isa = PBXBuildFile; fileRef = 55A5B483162A841900E3B946 /* ViewController.xib */; };
/* End PBXBuildFile section */

/* Begin PBXFileReference section */
		555900C6162A89180030A5BA /* sample.jpg */ = {isa = PBXFileReference; lastKnownFileType = image.jpeg; path = sample.jpg; sourceTree = "<group>"; };
		555900C9162AA4AE0030A5BA /* Social.framework */ = {isa = PBXFileReference; lastKnownFileType = wrapper.framework; name = Social.framework; path = System/Library/Frameworks/Social.framework; sourceTree = SDKROOT; };
		555900CB162AECB00030A5BA /* Accounts.framework */ = {isa = PBXFileReference; lastKnownFileType = wrapper.framework; name = Accounts.framework; path = System/Library/Frameworks/Accounts.framework; sourceTree = SDKROOT; };
		55A5B464162A841900E3B946 /* 20121019_ALM.app */ = {isa = PBXFileReference; explicitFileType = wrapper.application; includeInIndex = 0; path = 20121019_ALM.app; sourceTree = BUILT_PRODUCTS_DIR; };
		55A5B468162A841900E3B946 /* UIKit.framework */ = {isa = PBXFileReference; lastKnownFileType = wrapper.framework; name = UIKit.framework; path = System/Library/Frameworks/UIKit.framework; sourceTree = SDKROOT; };
		55A5B46A162A841900E3B946 /* Foundation.framework */ = {isa = PBXFileReference; lastKnownFileType = wrapper.framework; name = Foundation.framework; path = System/Library/Frameworks/Foundation.framework; sourceTree = SDKROOT; };
		55A5B46C162A841900E3B946 /* CoreGraphics.framework */ = {isa = PBXFileReference; lastKnownFileType = wrapper.framework; name = CoreGraphics.framework; path = System/Library/Frameworks/CoreGraphics.framework; sourceTree = SDKROOT; };
		55A5B470162A841900E3B946 /* 20121019_ALM-Info.plist */ = {isa = PBXFileReference; lastKnownFileType = text.plist.xml; path = "20121019_ALM-Info.plist"; sourceTree = "<group>"; };
		55A5B472162A841900E3B946 /* en */ = {isa = PBXFileReference; lastKnownFileType = text.plist.strings; name = en; path = en.lproj/InfoPlist.strings; sourceTree = "<group>"; };
		55A5B474162A841900E3B946 /* main.m */ = {isa = PBXFileReference; lastKnownFileType = sourcecode.c.objc; path = main.m; sourceTree = "<group>"; };
		55A5B476162A841900E3B946 /* 20121019_ALM-Prefix.pch */ = {isa = PBXFileReference; lastKnownFileType = sourcecode.c.h; path = "20121019_ALM-Prefix.pch"; sourceTree = "<group>"; };
		55A5B477162A841900E3B946 /* AppDelegate.h */ = {isa = PBXFileReference; lastKnownFileType = sourcecode.c.h; path = AppDelegate.h; sourceTree = "<group>"; };
		55A5B478162A841900E3B946 /* AppDelegate.m */ = {isa = PBXFileReference; lastKnownFileType = sourcecode.c.objc; path = AppDelegate.m; sourceTree = "<group>"; };
		55A5B47A162A841900E3B946 /* Default.png */ = {isa = PBXFileReference; lastKnownFileType = image.png; path = Default.png; sourceTree = "<group>"; };
		55A5B47C162A841900E3B946 /* Default@2x.png */ = {isa = PBXFileReference; lastKnownFileType = image.png; path = "Default@2x.png"; sourceTree = "<group>"; };
		55A5B47E162A841900E3B946 /* Default-568h@2x.png */ = {isa = PBXFileReference; lastKnownFileType = image.png; path = "Default-568h@2x.png"; sourceTree = "<group>"; };
		55A5B480162A841900E3B946 /* ViewController.h */ = {isa = PBXFileReference; lastKnownFileType = sourcecode.c.h; path = ViewController.h; sourceTree = "<group>"; };
		55A5B481162A841900E3B946 /* ViewController.m */ = {isa = PBXFileReference; lastKnownFileType = sourcecode.c.objc; path = ViewController.m; sourceTree = "<group>"; };
		55A5B484162A841900E3B946 /* en */ = {isa = PBXFileReference; lastKnownFileType = file.xib; name = en; path = en.lproj/ViewController.xib; sourceTree = "<group>"; };
/* End PBXFileReference section */

/* Begin PBXFrameworksBuildPhase section */
		55A5B461162A841900E3B946 /* Frameworks */ = {
			isa = PBXFrameworksBuildPhase;
			buildActionMask = 2147483647;
			files = (
				555900CC162AECB00030A5BA /* Accounts.framework in Frameworks */,
				555900CA162AA4AE0030A5BA /* Social.framework in Frameworks */,
				55A5B469162A841900E3B946 /* UIKit.framework in Frameworks */,
				55A5B46B162A841900E3B946 /* Foundation.framework in Frameworks */,
				55A5B46D162A841900E3B946 /* CoreGraphics.framework in Frameworks */,
			);
			runOnlyForDeploymentPostprocessing = 0;
		};
/* End PBXFrameworksBuildPhase section */

/* Begin PBXGroup section */
		55A5B459162A841900E3B946 = {
			isa = PBXGroup;
			children = (
				55A5B46E162A841900E3B946 /* 20121019_ALM */,
				55A5B467162A841900E3B946 /* Frameworks */,
				55A5B465162A841900E3B946 /* Products */,
			);
			sourceTree = "<group>";
		};
		55A5B465162A841900E3B946 /* Products */ = {
			isa = PBXGroup;
			children = (
				55A5B464162A841900E3B946 /* 20121019_ALM.app */,
			);
			name = Products;
			sourceTree = "<group>";
		};
		55A5B467162A841900E3B946 /* Frameworks */ = {
			isa = PBXGroup;
			children = (
				55A5B468162A841900E3B946 /* UIKit.framework */,
				55A5B46A162A841900E3B946 /* Foundation.framework */,
				55A5B46C162A841900E3B946 /* CoreGraphics.framework */,
				555900C9162AA4AE0030A5BA /* Social.framework */,
				555900CB162AECB00030A5BA /* Accounts.framework */,
			);
			name = Frameworks;
			sourceTree = "<group>";
		};
		55A5B46E162A841900E3B946 /* 20121019_ALM */ = {
			isa = PBXGroup;
			children = (
				55A5B477162A841900E3B946 /* AppDelegate.h */,
				55A5B478162A841900E3B946 /* AppDelegate.m */,
				55A5B480162A841900E3B946 /* ViewController.h */,
				55A5B481162A841900E3B946 /* ViewController.m */,
				55A5B483162A841900E3B946 /* ViewController.xib */,
				55A5B46F162A841900E3B946 /* Supporting Files */,
			);
			path = 20121019_ALM;
			sourceTree = "<group>";
		};
		55A5B46F162A841900E3B946 /* Supporting Files */ = {
			isa = PBXGroup;
			children = (
				555900C6162A89180030A5BA /* sample.jpg */,
				55A5B470162A841900E3B946 /* 20121019_ALM-Info.plist */,
				55A5B471162A841900E3B946 /* InfoPlist.strings */,
				55A5B474162A841900E3B946 /* main.m */,
				55A5B476162A841900E3B946 /* 20121019_ALM-Prefix.pch */,
				55A5B47A162A841900E3B946 /* Default.png */,
				55A5B47C162A841900E3B946 /* Default@2x.png */,
				55A5B47E162A841900E3B946 /* Default-568h@2x.png */,
			);
			name = "Supporting Files";
			sourceTree = "<group>";
		};
/* End PBXGroup section */

/* Begin PBXNativeTarget section */
		55A5B463162A841900E3B946 /* 20121019_ALM */ = {
			isa = PBXNativeTarget;
			buildConfigurationList = 55A5B488162A841900E3B946 /* Build configuration list for PBXNativeTarget "20121019_ALM" */;
			buildPhases = (
				55A5B460162A841900E3B946 /* Sources */,
				55A5B461162A841900E3B946 /* Frameworks */,
				55A5B462162A841900E3B946 /* Resources */,
			);
			buildRules = (
			);
			dependencies = (
			);
			name = 20121019_ALM;
			productName = 20121019_ALM;
			productReference = 55A5B464162A841900E3B946 /* 20121019_ALM.app */;
			productType = "com.apple.product-type.application";
		};
/* End PBXNativeTarget section */

/* Begin PBXProject section */
		55A5B45B162A841900E3B946 /* Project object */ = {
			isa = PBXProject;
			attributes = {
				LastUpgradeCheck = 0450;
				ORGANIZATIONNAME = com.murapong;
			};
			buildConfigurationList = 55A5B45E162A841900E3B946 /* Build configuration list for PBXProject "20121019_ALM" */;
			compatibilityVersion = "Xcode 3.2";
			developmentRegion = English;
			hasScannedForEncodings = 0;
			knownRegions = (
				en,
			);
			mainGroup = 55A5B459162A841900E3B946;
			productRefGroup = 55A5B465162A841900E3B946 /* Products */;
			projectDirPath = "";
			projectRoot = "";
			targets = (
				55A5B463162A841900E3B946 /* 20121019_ALM */,
			);
		};
/* End PBXProject section */

/* Begin PBXResourcesBuildPhase section */
		55A5B462162A841900E3B946 /* Resources */ = {
			isa = PBXResourcesBuildPhase;
			buildActionMask = 2147483647;
			files = (
				55A5B473162A841900E3B946 /* InfoPlist.strings in Resources */,
				55A5B47B162A841900E3B946 /* Default.png in Resources */,
				55A5B47D162A841900E3B946 /* Default@2x.png in Resources */,
				55A5B47F162A841900E3B946 /* Default-568h@2x.png in Resources */,
				55A5B485162A841900E3B946 /* ViewController.xib in Resources */,
				555900C7162A89180030A5BA /* sample.jpg in Resources */,
			);
			runOnlyForDeploymentPostprocessing = 0;
		};
/* End PBXResourcesBuildPhase section */

/* Begin PBXSourcesBuildPhase section */
		55A5B460162A841900E3B946 /* Sources */ = {
			isa = PBXSourcesBuildPhase;
			buildActionMask = 2147483647;
			files = (
				55A5B475162A841900E3B946 /* main.m in Sources */,
				55A5B479162A841900E3B946 /* AppDelegate.m in Sources */,
				55A5B482162A841900E3B946 /* ViewController.m in Sources */,
			);
			runOnlyForDeploymentPostprocessing = 0;
		};
/* End PBXSourcesBuildPhase section */

/* Begin PBXVariantGroup section */
		55A5B471162A841900E3B946 /* InfoPlist.strings */ = {
			isa = PBXVariantGroup;
			children = (
				55A5B472162A841900E3B946 /* en */,
			);
			name = InfoPlist.strings;
			sourceTree = "<group>";
		};
		55A5B483162A841900E3B946 /* ViewController.xib */ = {
			isa = PBXVariantGroup;
			children = (
				55A5B484162A841900E3B946 /* en */,
			);
			name = ViewController.xib;
			sourceTree = "<group>";
		};
/* End PBXVariantGroup section */

/* Begin XCBuildConfiguration section */
		55A5B486162A841900E3B946 /* Debug */ = {
			isa = XCBuildConfiguration;
			buildSettings = {
				ALWAYS_SEARCH_USER_PATHS = NO;
				CLANG_CXX_LANGUAGE_STANDARD = "gnu++0x";
				CLANG_CXX_LIBRARY = "libc++";
				CLANG_ENABLE_OBJC_ARC = YES;
				CLANG_WARN_EMPTY_BODY = YES;
				CLANG_WARN__DUPLICATE_METHOD_MATCH = YES;
				"CODE_SIGN_IDENTITY[sdk=iphoneos*]" = "iPhone Developer";
				COPY_PHASE_STRIP = NO;
				GCC_C_LANGUAGE_STANDARD = gnu99;
				GCC_DYNAMIC_NO_PIC = NO;
				GCC_OPTIMIZATION_LEVEL = 0;
				GCC_PREPROCESSOR_DEFINITIONS = (
					"DEBUG=1",
					"$(inherited)",
				);
				GCC_SYMBOLS_PRIVATE_EXTERN = NO;
				GCC_WARN_ABOUT_RETURN_TYPE = YES;
				GCC_WARN_UNINITIALIZED_AUTOS = YES;
				GCC_WARN_UNUSED_VARIABLE = YES;
				IPHONEOS_DEPLOYMENT_TARGET = 6.0;
				ONLY_ACTIVE_ARCH = YES;
				SDKROOT = iphoneos;
			};
			name = Debug;
		};
		55A5B487162A841900E3B946 /* Release */ = {
			isa = XCBuildConfiguration;
			buildSettings = {
				ALWAYS_SEARCH_USER_PATHS = NO;
				CLANG_CXX_LANGUAGE_STANDARD = "gnu++0x";
				CLANG_CXX_LIBRARY = "libc++";
				CLANG_ENABLE_OBJC_ARC = YES;
				CLANG_WARN_EMPTY_BODY = YES;
				CLANG_WARN__DUPLICATE_METHOD_MATCH = YES;
				"CODE_SIGN_IDENTITY[sdk=iphoneos*]" = "iPhone Developer";
				COPY_PHASE_STRIP = YES;
				GCC_C_LANGUAGE_STANDARD = gnu99;
				GCC_WARN_ABOUT_RETURN_TYPE = YES;
				GCC_WARN_UNINITIALIZED_AUTOS = YES;
				GCC_WARN_UNUSED_VARIABLE = YES;
				IPHONEOS_DEPLOYMENT_TARGET = 6.0;
				OTHER_CFLAGS = "-DNS_BLOCK_ASSERTIONS=1";
				SDKROOT = iphoneos;
				VALIDATE_PRODUCT = YES;
			};
			name = Release;
		};
		55A5B489162A841900E3B946 /* Debug */ = {
			isa = XCBuildConfiguration;
			buildSettings = {
				GCC_PRECOMPILE_PREFIX_HEADER = YES;
				GCC_PREFIX_HEADER = "20121019_ALM/20121019_ALM-Prefix.pch";
				INFOPLIST_FILE = "20121019_ALM/20121019_ALM-Info.plist";
				PRODUCT_NAME = "$(TARGET_NAME)";
				RUN_CLANG_STATIC_ANALYZER = YES;
				WRAPPER_EXTENSION = app;
			};
			name = Debug;
		};
		55A5B48A162A841900E3B946 /* Release */ = {
			isa = XCBuildConfiguration;
			buildSettings = {
				GCC_PRECOMPILE_PREFIX_HEADER = YES;
				GCC_PREFIX_HEADER = "20121019_ALM/20121019_ALM-Prefix.pch";
				INFOPLIST_FILE = "20121019_ALM/20121019_ALM-Info.plist";
				PRODUCT_NAME = "$(TARGET_NAME)";
				RUN_CLANG_STATIC_ANALYZER = YES;
				WRAPPER_EXTENSION = app;
			};
			name = Release;
		};
/* End XCBuildConfiguration section */

/* Begin XCConfigurationList section */
		55A5B45E162A841900E3B946 /* Build configuration list for PBXProject "20121019_ALM" */ = {
			isa = XCConfigurationList;
			buildConfigurations = (
				55A5B486162A841900E3B946 /* Debug */,
				55A5B487162A841900E3B946 /* Release */,
			);
			defaultConfigurationIsVisible = 0;
			defaultConfigurationName = Release;
		};
		55A5B488162A841900E3B946 /* Build configuration list for PBXNativeTarget "20121019_ALM" */ = {
			isa = XCConfigurationList;
			buildConfigurations = (
				55A5B489162A841900E3B946 /* Debug */,
				55A5B48A162A841900E3B946 /* Release */,
			);
			defaultConfigurationIsVisible = 0;
			defaultConfigurationName = Release;
		};
/* End XCConfigurationList section */
	};
	rootObject = 55A5B45B162A841900E3B946 /* Project object */;
}
